<Solution>
  <Folder Name="/src/" />
  <Folder Name="/src/Api/">
    <Project Path="src/Api/EPocket.Api.csproj" />
  </Folder>
  <Folder Name="/src/BuildingBlocks/" />
  <Folder Name="/src/BuildingBlocks/Application/">
    <Project Path="src/BuildingBlocks/Application/EPocket.BuildingBlocks.Application.csproj" />
  </Folder>
  <Folder Name="/src/BuildingBlocks/Domain/">
    <Project Path="src/BuildingBlocks/Domain/EPocket.BuildingBlocks.Domain.csproj" />
  </Folder>
  <Folder Name="/src/BuildingBlocks/Infrastructure/">
    <Project Path="src/BuildingBlocks/Infrastructure/EPocket.BuildingBlocks.Infrastructure.csproj" />
  </Folder>
</Solution>
